// !$*UTF8*$!
{
	archiveVersion = 1;
	classes = {
	};
	objectVersion = 46;
	objects = {

/* Begin PBXBuildFile section */
		888424E11948E807000AEE86 /* LMAPictureTakerController.m in Sources */ = {isa = PBXBuildFile; fileRef = 888424E01948E807000AEE86 /* LMAPictureTakerController.m */; };
		88E2AA141948D73500F91CE1 /* GrandmaDatabase.xcdatamodeld in Sources */ = {isa = PBXBuildFile; fileRef = 88E2AA121948D73500F91CE1 /* GrandmaDatabase.xcdatamodeld */; };
		88E2AA171948D92E00F91CE1 /* Member.m in Sources */ = {isa = PBXBuildFile; fileRef = 88E2AA161948D92E00F91CE1 /* Member.m */; };
		88E2AA1D1948D96000F91CE1 /* Picture.m in Sources */ = {isa = PBXBuildFile; fileRef = 88E2AA1C1948D96000F91CE1 /* Picture.m */; };
		EF40FF201936A61D001E94EC /* My.sks in Resources */ = {isa = PBXBuildFile; fileRef = EF40FF1F1936A61D001E94EC /* My.sks */; };
		EF40FF221936A9A2001E94EC /* icon.png in Resources */ = {isa = PBXBuildFile; fileRef = EF40FF211936A9A2001E94EC /* icon.png */; };
		EF40FF241936AB33001E94EC /* Images.xcassets in Resources */ = {isa = PBXBuildFile; fileRef = EF40FF231936AB33001E94EC /* Images.xcassets */; };
		EF889B30192FE22300DFC31E /* My Den pic.jpg in Resources */ = {isa = PBXBuildFile; fileRef = EF889B2F192FE22300DFC31E /* My Den pic.jpg */; };
		EF889B32192FE3DC00DFC31E /* chelsey.jpg in Resources */ = {isa = PBXBuildFile; fileRef = EF889B31192FE3DC00DFC31E /* chelsey.jpg */; };
		EF889B34192FE41D00DFC31E /* dwayne.jpg in Resources */ = {isa = PBXBuildFile; fileRef = EF889B33192FE41D00DFC31E /* dwayne.jpg */; };
		EF889B36192FE46E00DFC31E /* phaedra.jpg in Resources */ = {isa = PBXBuildFile; fileRef = EF889B35192FE46E00DFC31E /* phaedra.jpg */; };
		EF889B38192FE4EC00DFC31E /* tenae.jpg in Resources */ = {isa = PBXBuildFile; fileRef = EF889B37192FE4EC00DFC31E /* tenae.jpg */; };
		EF889B3A192FE51E00DFC31E /* victoria.jpg in Resources */ = {isa = PBXBuildFile; fileRef = EF889B39192FE51E00DFC31E /* victoria.jpg */; };
		EFA576FF193FC7A200CD6433 /* LMAcontactsController.m in Sources */ = {isa = PBXBuildFile; fileRef = EFA576FE193FC7A200CD6433 /* LMAcontactsController.m */; };
		EFC38258193D37E7008E04A3 /* Screen Shot 2014-05-28 at 4.30.59 PM.png in Resources */ = {isa = PBXBuildFile; fileRef = EFC38257193D37E7008E04A3 /* Screen Shot 2014-05-28 at 4.30.59 PM.png */; };
		EFC3825A193D39F7008E04A3 /* 3.png in Resources */ = {isa = PBXBuildFile; fileRef = EFC38259193D39F7008E04A3 /* 3.png */; };
		EFC3825C193D3A00008E04A3 /* 2.png in Resources */ = {isa = PBXBuildFile; fileRef = EFC3825B193D3A00008E04A3 /* 2.png */; };
		EFC3825E193D3A07008E04A3 /* 1.png in Resources */ = {isa = PBXBuildFile; fileRef = EFC3825D193D3A07008E04A3 /* 1.png */; };
		EFE90A25193D19540099F5E7 /* BragBookIcon.png in Resources */ = {isa = PBXBuildFile; fileRef = EFE90A24193D19540099F5E7 /* BragBookIcon.png */; };
		EFFAE7A5192D72E4005B50CE /* Foundation.framework in Frameworks */ = {isa = PBXBuildFile; fileRef = EFFAE7A4192D72E4005B50CE /* Foundation.framework */; };
		EFFAE7A7192D72E4005B50CE /* CoreGraphics.framework in Frameworks */ = {isa = PBXBuildFile; fileRef = EFFAE7A6192D72E4005B50CE /* CoreGraphics.framework */; };
		EFFAE7A9192D72E4005B50CE /* UIKit.framework in Frameworks */ = {isa = PBXBuildFile; fileRef = EFFAE7A8192D72E4005B50CE /* UIKit.framework */; };
		EFFAE7AF192D72E4005B50CE /* InfoPlist.strings in Resources */ = {isa = PBXBuildFile; fileRef = EFFAE7AD192D72E4005B50CE /* InfoPlist.strings */; };
		EFFAE7B1192D72E4005B50CE /* main.m in Sources */ = {isa = PBXBuildFile; fileRef = EFFAE7B0192D72E4005B50CE /* main.m */; };
		EFFAE7B5192D72E4005B50CE /* LMAAppDelegate.m in Sources */ = {isa = PBXBuildFile; fileRef = EFFAE7B4192D72E4005B50CE /* LMAAppDelegate.m */; };
		EFFAE7B8192D72E4005B50CE /* Main.storyboard in Resources */ = {isa = PBXBuildFile; fileRef = EFFAE7B6192D72E4005B50CE /* Main.storyboard */; };
		EFFAE7BB192D72E4005B50CE /* LMAViewController.m in Sources */ = {isa = PBXBuildFile; fileRef = EFFAE7BA192D72E4005B50CE /* LMAViewController.m */; };
		EFFAE7C4192D72E4005B50CE /* XCTest.framework in Frameworks */ = {isa = PBXBuildFile; fileRef = EFFAE7C3192D72E4005B50CE /* XCTest.framework */; };
		EFFAE7C5192D72E5005B50CE /* Foundation.framework in Frameworks */ = {isa = PBXBuildFile; fileRef = EFFAE7A4192D72E4005B50CE /* Foundation.framework */; };
		EFFAE7C6192D72E5005B50CE /* UIKit.framework in Frameworks */ = {isa = PBXBuildFile; fileRef = EFFAE7A8192D72E4005B50CE /* UIKit.framework */; };
		EFFAE7CE192D72E5005B50CE /* InfoPlist.strings in Resources */ = {isa = PBXBuildFile; fileRef = EFFAE7CC192D72E5005B50CE /* InfoPlist.strings */; };
		EFFAE7D0192D72E5005B50CE /* GrandmaTests.m in Sources */ = {isa = PBXBuildFile; fileRef = EFFAE7CF192D72E5005B50CE /* GrandmaTests.m */; };
/* End PBXBuildFile section */

/* Begin PBXContainerItemProxy section */
		EFFAE7C7192D72E5005B50CE /* PBXContainerItemProxy */ = {
			isa = PBXContainerItemProxy;
			containerPortal = EFFAE799192D72E3005B50CE /* Project object */;
			proxyType = 1;
			remoteGlobalIDString = EFFAE7A0192D72E4005B50CE;
			remoteInfo = Grandma;
		};
/* End PBXContainerItemProxy section */

/* Begin PBXFileReference section */
		888424DF1948E807000AEE86 /* LMAPictureTakerController.h */ = {isa = PBXFileReference; fileEncoding = 4; lastKnownFileType = sourcecode.c.h; path = LMAPictureTakerController.h; sourceTree = "<group>"; };
		888424E01948E807000AEE86 /* LMAPictureTakerController.m */ = {isa = PBXFileReference; fileEncoding = 4; lastKnownFileType = sourcecode.c.objc; path = LMAPictureTakerController.m; sourceTree = "<group>"; };
		88E2AA131948D73500F91CE1 /* GrandmaDatabase.xcdatamodel */ = {isa = PBXFileReference; lastKnownFileType = wrapper.xcdatamodel; path = GrandmaDatabase.xcdatamodel; sourceTree = "<group>"; };
		88E2AA151948D92E00F91CE1 /* Member.h */ = {isa = PBXFileReference; fileEncoding = 4; lastKnownFileType = sourcecode.c.h; path = Member.h; sourceTree = "<group>"; };
		88E2AA161948D92E00F91CE1 /* Member.m */ = {isa = PBXFileReference; fileEncoding = 4; lastKnownFileType = sourcecode.c.objc; path = Member.m; sourceTree = "<group>"; };
		88E2AA1B1948D96000F91CE1 /* Picture.h */ = {isa = PBXFileReference; fileEncoding = 4; lastKnownFileType = sourcecode.c.h; path = Picture.h; sourceTree = "<group>"; };
		88E2AA1C1948D96000F91CE1 /* Picture.m */ = {isa = PBXFileReference; fileEncoding = 4; lastKnownFileType = sourcecode.c.objc; path = Picture.m; sourceTree = "<group>"; };
		EF40FF1F1936A61D001E94EC /* My.sks */ = {isa = PBXFileReference; lastKnownFileType = file.sks; path = My.sks; sourceTree = "<group>"; };
		EF40FF211936A9A2001E94EC /* icon.png */ = {isa = PBXFileReference; lastKnownFileType = image.png; path = icon.png; sourceTree = "<group>"; };
		EF40FF231936AB33001E94EC /* Images.xcassets */ = {isa = PBXFileReference; lastKnownFileType = folder.assetcatalog; path = Images.xcassets; sourceTree = "<group>"; };
		EF889B2F192FE22300DFC31E /* My Den pic.jpg */ = {isa = PBXFileReference; lastKnownFileType = image.jpeg; path = "My Den pic.jpg"; sourceTree = "<group>"; };
		EF889B31192FE3DC00DFC31E /* chelsey.jpg */ = {isa = PBXFileReference; lastKnownFileType = image.jpeg; path = chelsey.jpg; sourceTree = "<group>"; };
		EF889B33192FE41D00DFC31E /* dwayne.jpg */ = {isa = PBXFileReference; lastKnownFileType = image.jpeg; path = dwayne.jpg; sourceTree = "<group>"; };
		EF889B35192FE46E00DFC31E /* phaedra.jpg */ = {isa = PBXFileReference; lastKnownFileType = image.jpeg; path = phaedra.jpg; sourceTree = "<group>"; };
		EF889B37192FE4EC00DFC31E /* tenae.jpg */ = {isa = PBXFileReference; lastKnownFileType = image.jpeg; path = tenae.jpg; sourceTree = "<group>"; };
		EF889B39192FE51E00DFC31E /* victoria.jpg */ = {isa = PBXFileReference; lastKnownFileType = image.jpeg; path = victoria.jpg; sourceTree = "<group>"; };
		EFA576FD193FC7A200CD6433 /* LMAcontactsController.h */ = {isa = PBXFileReference; fileEncoding = 4; lastKnownFileType = sourcecode.c.h; path = LMAcontactsController.h; sourceTree = "<group>"; };
		EFA576FE193FC7A200CD6433 /* LMAcontactsController.m */ = {isa = PBXFileReference; fileEncoding = 4; lastKnownFileType = sourcecode.c.objc; path = LMAcontactsController.m; sourceTree = "<group>"; };
		EFC38257193D37E7008E04A3 /* Screen Shot 2014-05-28 at 4.30.59 PM.png */ = {isa = PBXFileReference; lastKnownFileType = image.png; path = "Screen Shot 2014-05-28 at 4.30.59 PM.png"; sourceTree = "<group>"; };
		EFC38259193D39F7008E04A3 /* 3.png */ = {isa = PBXFileReference; lastKnownFileType = image.png; path = 3.png; sourceTree = "<group>"; };
		EFC3825B193D3A00008E04A3 /* 2.png */ = {isa = PBXFileReference; lastKnownFileType = image.png; path = 2.png; sourceTree = "<group>"; };
		EFC3825D193D3A07008E04A3 /* 1.png */ = {isa = PBXFileReference; lastKnownFileType = image.png; path = 1.png; sourceTree = "<group>"; };
		EFE90A24193D19540099F5E7 /* BragBookIcon.png */ = {isa = PBXFileReference; lastKnownFileType = image.png; path = BragBookIcon.png; sourceTree = "<group>"; };
		EFFAE7A1192D72E4005B50CE /* Grandma.app */ = {isa = PBXFileReference; explicitFileType = wrapper.application; includeInIndex = 0; path = Grandma.app; sourceTree = BUILT_PRODUCTS_DIR; };
		EFFAE7A4192D72E4005B50CE /* Foundation.framework */ = {isa = PBXFileReference; lastKnownFileType = wrapper.framework; name = Foundation.framework; path = System/Library/Frameworks/Foundation.framework; sourceTree = SDKROOT; };
		EFFAE7A6192D72E4005B50CE /* CoreGraphics.framework */ = {isa = PBXFileReference; lastKnownFileType = wrapper.framework; name = CoreGraphics.framework; path = System/Library/Frameworks/CoreGraphics.framework; sourceTree = SDKROOT; };
		EFFAE7A8192D72E4005B50CE /* UIKit.framework */ = {isa = PBXFileReference; lastKnownFileType = wrapper.framework; name = UIKit.framework; path = System/Library/Frameworks/UIKit.framework; sourceTree = SDKROOT; };
		EFFAE7AC192D72E4005B50CE /* Grandma-Info.plist */ = {isa = PBXFileReference; lastKnownFileType = text.plist.xml; path = "Grandma-Info.plist"; sourceTree = "<group>"; };
		EFFAE7AE192D72E4005B50CE /* en */ = {isa = PBXFileReference; lastKnownFileType = text.plist.strings; name = en; path = en.lproj/InfoPlist.strings; sourceTree = "<group>"; };
		EFFAE7B0192D72E4005B50CE /* main.m */ = {isa = PBXFileReference; lastKnownFileType = sourcecode.c.objc; path = main.m; sourceTree = "<group>"; };
		EFFAE7B2192D72E4005B50CE /* Grandma-Prefix.pch */ = {isa = PBXFileReference; lastKnownFileType = sourcecode.c.h; path = "Grandma-Prefix.pch"; sourceTree = "<group>"; };
		EFFAE7B3192D72E4005B50CE /* LMAAppDelegate.h */ = {isa = PBXFileReference; lastKnownFileType = sourcecode.c.h; path = LMAAppDelegate.h; sourceTree = "<group>"; };
		EFFAE7B4192D72E4005B50CE /* LMAAppDelegate.m */ = {isa = PBXFileReference; lastKnownFileType = sourcecode.c.objc; path = LMAAppDelegate.m; sourceTree = "<group>"; };
		EFFAE7B7192D72E4005B50CE /* Base */ = {isa = PBXFileReference; lastKnownFileType = file.storyboard; name = Base; path = Base.lproj/Main.storyboard; sourceTree = "<group>"; };
		EFFAE7B9192D72E4005B50CE /* LMAViewController.h */ = {isa = PBXFileReference; lastKnownFileType = sourcecode.c.h; path = LMAViewController.h; sourceTree = "<group>"; };
		EFFAE7BA192D72E4005B50CE /* LMAViewController.m */ = {isa = PBXFileReference; lastKnownFileType = sourcecode.c.objc; path = LMAViewController.m; sourceTree = "<group>"; };
		EFFAE7C2192D72E4005B50CE /* GrandmaTests.xctest */ = {isa = PBXFileReference; explicitFileType = wrapper.cfbundle; includeInIndex = 0; path = GrandmaTests.xctest; sourceTree = BUILT_PRODUCTS_DIR; };
		EFFAE7C3192D72E4005B50CE /* XCTest.framework */ = {isa = PBXFileReference; lastKnownFileType = wrapper.framework; name = XCTest.framework; path = Library/Frameworks/XCTest.framework; sourceTree = DEVELOPER_DIR; };
		EFFAE7CB192D72E5005B50CE /* GrandmaTests-Info.plist */ = {isa = PBXFileReference; lastKnownFileType = text.plist.xml; path = "GrandmaTests-Info.plist"; sourceTree = "<group>"; };
		EFFAE7CD192D72E5005B50CE /* en */ = {isa = PBXFileReference; lastKnownFileType = text.plist.strings; name = en; path = en.lproj/InfoPlist.strings; sourceTree = "<group>"; };
		EFFAE7CF192D72E5005B50CE /* GrandmaTests.m */ = {isa = PBXFileReference; lastKnownFileType = sourcecode.c.objc; path = GrandmaTests.m; sourceTree = "<group>"; };
/* End PBXFileReference section */

/* Begin PBXFrameworksBuildPhase section */
		EFFAE79E192D72E4005B50CE /* Frameworks */ = {
			isa = PBXFrameworksBuildPhase;
			buildActionMask = 2147483647;
			files = (
				EFFAE7A7192D72E4005B50CE /* CoreGraphics.framework in Frameworks */,
				EFFAE7A9192D72E4005B50CE /* UIKit.framework in Frameworks */,
				EFFAE7A5192D72E4005B50CE /* Foundation.framework in Frameworks */,
			);
			runOnlyForDeploymentPostprocessing = 0;
		};
		EFFAE7BF192D72E4005B50CE /* Frameworks */ = {
			isa = PBXFrameworksBuildPhase;
			buildActionMask = 2147483647;
			files = (
				EFFAE7C4192D72E4005B50CE /* XCTest.framework in Frameworks */,
				EFFAE7C6192D72E5005B50CE /* UIKit.framework in Frameworks */,
				EFFAE7C5192D72E5005B50CE /* Foundation.framework in Frameworks */,
			);
			runOnlyForDeploymentPostprocessing = 0;
		};
/* End PBXFrameworksBuildPhase section */

/* Begin PBXGroup section */
		EFFAE798192D72E3005B50CE = {
			isa = PBXGroup;
			children = (
				EFFAE7AA192D72E4005B50CE /* Grandma */,
				EFFAE7C9192D72E5005B50CE /* GrandmaTests */,
				EFFAE7A3192D72E4005B50CE /* Frameworks */,
				EFFAE7A2192D72E4005B50CE /* Products */,
			);
			sourceTree = "<group>";
		};
		EFFAE7A2192D72E4005B50CE /* Products */ = {
			isa = PBXGroup;
			children = (
				EFFAE7A1192D72E4005B50CE /* Grandma.app */,
				EFFAE7C2192D72E4005B50CE /* GrandmaTests.xctest */,
			);
			name = Products;
			sourceTree = "<group>";
		};
		EFFAE7A3192D72E4005B50CE /* Frameworks */ = {
			isa = PBXGroup;
			children = (
				EFFAE7A4192D72E4005B50CE /* Foundation.framework */,
				EFFAE7A6192D72E4005B50CE /* CoreGraphics.framework */,
				EFFAE7A8192D72E4005B50CE /* UIKit.framework */,
				EFFAE7C3192D72E4005B50CE /* XCTest.framework */,
			);
			name = Frameworks;
			sourceTree = "<group>";
		};
		EFFAE7AA192D72E4005B50CE /* Grandma */ = {
			isa = PBXGroup;
			children = (
				88E2AA121948D73500F91CE1 /* GrandmaDatabase.xcdatamodeld */,
				88E2AA1B1948D96000F91CE1 /* Picture.h */,
				88E2AA1C1948D96000F91CE1 /* Picture.m */,
				88E2AA151948D92E00F91CE1 /* Member.h */,
				88E2AA161948D92E00F91CE1 /* Member.m */,
				EFFAE7B3192D72E4005B50CE /* LMAAppDelegate.h */,
				EFFAE7B4192D72E4005B50CE /* LMAAppDelegate.m */,
				EFFAE7B6192D72E4005B50CE /* Main.storyboard */,
				EF40FF231936AB33001E94EC /* Images.xcassets */,
				EFE90A24193D19540099F5E7 /* BragBookIcon.png */,
				EFC3825D193D3A07008E04A3 /* 1.png */,
				EFC38259193D39F7008E04A3 /* 3.png */,
				EFFAE7B9192D72E4005B50CE /* LMAViewController.h */,
				EFFAE7BA192D72E4005B50CE /* LMAViewController.m */,
				EFC3825B193D3A00008E04A3 /* 2.png */,
				EFC38257193D37E7008E04A3 /* Screen Shot 2014-05-28 at 4.30.59 PM.png */,
				EF40FF1F1936A61D001E94EC /* My.sks */,
				EFA576FD193FC7A200CD6433 /* LMAcontactsController.h */,
				EFA576FE193FC7A200CD6433 /* LMAcontactsController.m */,
				EFFAE7AB192D72E4005B50CE /* Supporting Files */,
				888424DF1948E807000AEE86 /* LMAPictureTakerController.h */,
				888424E01948E807000AEE86 /* LMAPictureTakerController.m */,
			);
			path = Grandma;
			sourceTree = "<group>";
		};
		EFFAE7AB192D72E4005B50CE /* Supporting Files */ = {
			isa = PBXGroup;
			children = (
				EF889B2F192FE22300DFC31E /* My Den pic.jpg */,
				EF889B31192FE3DC00DFC31E /* chelsey.jpg */,
				EF889B37192FE4EC00DFC31E /* tenae.jpg */,
				EF40FF211936A9A2001E94EC /* icon.png */,
				EF889B39192FE51E00DFC31E /* victoria.jpg */,
				EF889B33192FE41D00DFC31E /* dwayne.jpg */,
				EF889B35192FE46E00DFC31E /* phaedra.jpg */,
				EFFAE7AC192D72E4005B50CE /* Grandma-Info.plist */,
				EFFAE7AD192D72E4005B50CE /* InfoPlist.strings */,
				EFFAE7B0192D72E4005B50CE /* main.m */,
				EFFAE7B2192D72E4005B50CE /* Grandma-Prefix.pch */,
			);
			name = "Supporting Files";
			sourceTree = "<group>";
		};
		EFFAE7C9192D72E5005B50CE /* GrandmaTests */ = {
			isa = PBXGroup;
			children = (
				EFFAE7CF192D72E5005B50CE /* GrandmaTests.m */,
				EFFAE7CA192D72E5005B50CE /* Supporting Files */,
			);
			path = GrandmaTests;
			sourceTree = "<group>";
		};
		EFFAE7CA192D72E5005B50CE /* Supporting Files */ = {
			isa = PBXGroup;
			children = (
				EFFAE7CB192D72E5005B50CE /* GrandmaTests-Info.plist */,
				EFFAE7CC192D72E5005B50CE /* InfoPlist.strings */,
			);
			name = "Supporting Files";
			sourceTree = "<group>";
		};
/* End PBXGroup section */

/* Begin PBXNativeTarget section */
		EFFAE7A0192D72E4005B50CE /* Grandma */ = {
			isa = PBXNativeTarget;
			buildConfigurationList = EFFAE7D3192D72E5005B50CE /* Build configuration list for PBXNativeTarget "Grandma" */;
			buildPhases = (
				EFFAE79D192D72E4005B50CE /* Sources */,
				EFFAE79E192D72E4005B50CE /* Frameworks */,
				EFFAE79F192D72E4005B50CE /* Resources */,
			);
			buildRules = (
			);
			dependencies = (
			);
			name = Grandma;
			productName = Grandma;
			productReference = EFFAE7A1192D72E4005B50CE /* Grandma.app */;
			productType = "com.apple.product-type.application";
		};
		EFFAE7C1192D72E4005B50CE /* GrandmaTests */ = {
			isa = PBXNativeTarget;
			buildConfigurationList = EFFAE7D6192D72E5005B50CE /* Build configuration list for PBXNativeTarget "GrandmaTests" */;
			buildPhases = (
				EFFAE7BE192D72E4005B50CE /* Sources */,
				EFFAE7BF192D72E4005B50CE /* Frameworks */,
				EFFAE7C0192D72E4005B50CE /* Resources */,
			);
			buildRules = (
			);
			dependencies = (
				EFFAE7C8192D72E5005B50CE /* PBXTargetDependency */,
			);
			name = GrandmaTests;
			productName = GrandmaTests;
			productReference = EFFAE7C2192D72E4005B50CE /* GrandmaTests.xctest */;
			productType = "com.apple.product-type.bundle.unit-test";
		};
/* End PBXNativeTarget section */

/* Begin PBXProject section */
		EFFAE799192D72E3005B50CE /* Project object */ = {
			isa = PBXProject;
			attributes = {
				CLASSPREFIX = LMA;
				LastUpgradeCheck = 0500;
				ORGANIZATIONNAME = "Yitref, Almaz";
				TargetAttributes = {
					EFFAE7C1192D72E4005B50CE = {
						TestTargetID = EFFAE7A0192D72E4005B50CE;
					};
				};
			};
			buildConfigurationList = EFFAE79C192D72E3005B50CE /* Build configuration list for PBXProject "Grandma" */;
			compatibilityVersion = "Xcode 3.2";
			developmentRegion = English;
			hasScannedForEncodings = 0;
			knownRegions = (
				en,
				Base,
			);
			mainGroup = EFFAE798192D72E3005B50CE;
			productRefGroup = EFFAE7A2192D72E4005B50CE /* Products */;
			projectDirPath = "";
			projectRoot = "";
			targets = (
				EFFAE7A0192D72E4005B50CE /* Grandma */,
				EFFAE7C1192D72E4005B50CE /* GrandmaTests */,
			);
		};
/* End PBXProject section */

/* Begin PBXResourcesBuildPhase section */
		EFFAE79F192D72E4005B50CE /* Resources */ = {
			isa = PBXResourcesBuildPhase;
			buildActionMask = 2147483647;
			files = (
				EFE90A25193D19540099F5E7 /* BragBookIcon.png in Resources */,
				EF889B32192FE3DC00DFC31E /* chelsey.jpg in Resources */,
				EF889B36192FE46E00DFC31E /* phaedra.jpg in Resources */,
				EFFAE7AF192D72E4005B50CE /* InfoPlist.strings in Resources */,
				EF40FF201936A61D001E94EC /* My.sks in Resources */,
				EFC3825A193D39F7008E04A3 /* 3.png in Resources */,
				EF889B30192FE22300DFC31E /* My Den pic.jpg in Resources */,
				EF40FF221936A9A2001E94EC /* icon.png in Resources */,
				EF889B38192FE4EC00DFC31E /* tenae.jpg in Resources */,
				EFC3825E193D3A07008E04A3 /* 1.png in Resources */,
				EFC38258193D37E7008E04A3 /* Screen Shot 2014-05-28 at 4.30.59 PM.png in Resources */,
				EFFAE7B8192D72E4005B50CE /* Main.storyboard in Resources */,
				EF40FF241936AB33001E94EC /* Images.xcassets in Resources */,
				EFC3825C193D3A00008E04A3 /* 2.png in Resources */,
				EF889B34192FE41D00DFC31E /* dwayne.jpg in Resources */,
				EF889B3A192FE51E00DFC31E /* victoria.jpg in Resources */,
			);
			runOnlyForDeploymentPostprocessing = 0;
		};
		EFFAE7C0192D72E4005B50CE /* Resources */ = {
			isa = PBXResourcesBuildPhase;
			buildActionMask = 2147483647;
			files = (
				EFFAE7CE192D72E5005B50CE /* InfoPlist.strings in Resources */,
			);
			runOnlyForDeploymentPostprocessing = 0;
		};
/* End PBXResourcesBuildPhase section */

/* Begin PBXSourcesBuildPhase section */
		EFFAE79D192D72E4005B50CE /* Sources */ = {
			isa = PBXSourcesBuildPhase;
			buildActionMask = 2147483647;
			files = (
				88E2AA1D1948D96000F91CE1 /* Picture.m in Sources */,
				EFFAE7BB192D72E4005B50CE /* LMAViewController.m in Sources */,
				EFFAE7B1192D72E4005B50CE /* main.m in Sources */,
				EFFAE7B5192D72E4005B50CE /* LMAAppDelegate.m in Sources */,
				88E2AA171948D92E00F91CE1 /* Member.m in Sources */,
				EFA576FF193FC7A200CD6433 /* LMAcontactsController.m in Sources */,
				88E2AA141948D73500F91CE1 /* GrandmaDatabase.xcdatamodeld in Sources */,
				888424E11948E807000AEE86 /* LMAPictureTakerController.m in Sources */,
			);
			runOnlyForDeploymentPostprocessing = 0;
		};
		EFFAE7BE192D72E4005B50CE /* Sources */ = {
			isa = PBXSourcesBuildPhase;
			buildActionMask = 2147483647;
			files = (
				EFFAE7D0192D72E5005B50CE /* GrandmaTests.m in Sources */,
			);
			runOnlyForDeploymentPostprocessing = 0;
		};
/* End PBXSourcesBuildPhase section */

/* Begin PBXTargetDependency section */
		EFFAE7C8192D72E5005B50CE /* PBXTargetDependency */ = {
			isa = PBXTargetDependency;
			target = EFFAE7A0192D72E4005B50CE /* Grandma */;
			targetProxy = EFFAE7C7192D72E5005B50CE /* PBXContainerItemProxy */;
		};
/* End PBXTargetDependency section */

/* Begin PBXVariantGroup section */
		EFFAE7AD192D72E4005B50CE /* InfoPlist.strings */ = {
			isa = PBXVariantGroup;
			children = (
				EFFAE7AE192D72E4005B50CE /* en */,
			);
			name = InfoPlist.strings;
			sourceTree = "<group>";
		};
		EFFAE7B6192D72E4005B50CE /* Main.storyboard */ = {
			isa = PBXVariantGroup;
			children = (
				EFFAE7B7192D72E4005B50CE /* Base */,
			);
			name = Main.storyboard;
			sourceTree = "<group>";
		};
		EFFAE7CC192D72E5005B50CE /* InfoPlist.strings */ = {
			isa = PBXVariantGroup;
			children = (
				EFFAE7CD192D72E5005B50CE /* en */,
			);
			name = InfoPlist.strings;
			sourceTree = "<group>";
		};
/* End PBXVariantGroup section */

/* Begin XCBuildConfiguration section */
		EFFAE7D1192D72E5005B50CE /* Debug */ = {
			isa = XCBuildConfiguration;
			buildSettings = {
				ALWAYS_SEARCH_USER_PATHS = NO;
				ARCHS = "$(ARCHS_STANDARD_INCLUDING_64_BIT)";
				CLANG_CXX_LANGUAGE_STANDARD = "gnu++0x";
				CLANG_CXX_LIBRARY = "libc++";
				CLANG_ENABLE_MODULES = YES;
				CLANG_ENABLE_OBJC_ARC = YES;
				CLANG_WARN_BOOL_CONVERSION = YES;
				CLANG_WARN_CONSTANT_CONVERSION = YES;
				CLANG_WARN_DIRECT_OBJC_ISA_USAGE = YES_ERROR;
				CLANG_WARN_EMPTY_BODY = YES;
				CLANG_WARN_ENUM_CONVERSION = YES;
				CLANG_WARN_INT_CONVERSION = YES;
				CLANG_WARN_OBJC_ROOT_CLASS = YES_ERROR;
				CLANG_WARN__DUPLICATE_METHOD_MATCH = YES;
				"CODE_SIGN_IDENTITY[sdk=iphoneos*]" = "iPhone Developer";
				COPY_PHASE_STRIP = NO;
				GCC_C_LANGUAGE_STANDARD = gnu99;
				GCC_DYNAMIC_NO_PIC = NO;
				GCC_OPTIMIZATION_LEVEL = 0;
				GCC_PREPROCESSOR_DEFINITIONS = (
					"DEBUG=1",
					"$(inherited)",
				);
				GCC_SYMBOLS_PRIVATE_EXTERN = NO;
				GCC_WARN_64_TO_32_BIT_CONVERSION = YES;
				GCC_WARN_ABOUT_RETURN_TYPE = YES_ERROR;
				GCC_WARN_UNDECLARED_SELECTOR = YES;
				GCC_WARN_UNINITIALIZED_AUTOS = YES;
				GCC_WARN_UNUSED_FUNCTION = YES;
				GCC_WARN_UNUSED_VARIABLE = YES;
				IPHONEOS_DEPLOYMENT_TARGET = 7.0;
				ONLY_ACTIVE_ARCH = YES;
				SDKROOT = iphoneos;
			};
			name = Debug;
		};
		EFFAE7D2192D72E5005B50CE /* Release */ = {
			isa = XCBuildConfiguration;
			buildSettings = {
				ALWAYS_SEARCH_USER_PATHS = NO;
				ARCHS = "$(ARCHS_STANDARD_INCLUDING_64_BIT)";
				CLANG_CXX_LANGUAGE_STANDARD = "gnu++0x";
				CLANG_CXX_LIBRARY = "libc++";
				CLANG_ENABLE_MODULES = YES;
				CLANG_ENABLE_OBJC_ARC = YES;
				CLANG_WARN_BOOL_CONVERSION = YES;
				CLANG_WARN_CONSTANT_CONVERSION = YES;
				CLANG_WARN_DIRECT_OBJC_ISA_USAGE = YES_ERROR;
				CLANG_WARN_EMPTY_BODY = YES;
				CLANG_WARN_ENUM_CONVERSION = YES;
				CLANG_WARN_INT_CONVERSION = YES;
				CLANG_WARN_OBJC_ROOT_CLASS = YES_ERROR;
				CLANG_WARN__DUPLICATE_METHOD_MATCH = YES;
				"CODE_SIGN_IDENTITY[sdk=iphoneos*]" = "iPhone Developer";
				COPY_PHASE_STRIP = YES;
				ENABLE_NS_ASSERTIONS = NO;
				GCC_C_LANGUAGE_STANDARD = gnu99;
				GCC_WARN_64_TO_32_BIT_CONVERSION = YES;
				GCC_WARN_ABOUT_RETURN_TYPE = YES_ERROR;
				GCC_WARN_UNDECLARED_SELECTOR = YES;
				GCC_WARN_UNINITIALIZED_AUTOS = YES;
				GCC_WARN_UNUSED_FUNCTION = YES;
				GCC_WARN_UNUSED_VARIABLE = YES;
				IPHONEOS_DEPLOYMENT_TARGET = 7.0;
				SDKROOT = iphoneos;
				VALIDATE_PRODUCT = YES;
			};
			name = Release;
		};
		EFFAE7D4192D72E5005B50CE /* Debug */ = {
			isa = XCBuildConfiguration;
			buildSettings = {
				ASSETCATALOG_COMPILER_APPICON_NAME = AppIcon;
				ASSETCATALOG_COMPILER_LAUNCHIMAGE_NAME = LaunchImage;
				GCC_PRECOMPILE_PREFIX_HEADER = YES;
				GCC_PREFIX_HEADER = "Grandma/Grandma-Prefix.pch";
				INFOPLIST_FILE = "Grandma/Grandma-Info.plist";
				PRODUCT_NAME = "$(TARGET_NAME)";
				WRAPPER_EXTENSION = app;
			};
			name = Debug;
		};
		EFFAE7D5192D72E5005B50CE /* Release */ = {
			isa = XCBuildConfiguration;
			buildSettings = {
				ASSETCATALOG_COMPILER_APPICON_NAME = AppIcon;
				ASSETCATALOG_COMPILER_LAUNCHIMAGE_NAME = LaunchImage;
				GCC_PRECOMPILE_PREFIX_HEADER = YES;
				GCC_PREFIX_HEADER = "Grandma/Grandma-Prefix.pch";
				INFOPLIST_FILE = "Grandma/Grandma-Info.plist";
				PRODUCT_NAME = "$(TARGET_NAME)";
				WRAPPER_EXTENSION = app;
			};
			name = Release;
		};
		EFFAE7D7192D72E5005B50CE /* Debug */ = {
			isa = XCBuildConfiguration;
			buildSettings = {
				ARCHS = "$(ARCHS_STANDARD_INCLUDING_64_BIT)";
				BUNDLE_LOADER = "$(BUILT_PRODUCTS_DIR)/Grandma.app/Grandma";
				FRAMEWORK_SEARCH_PATHS = (
					"$(SDKROOT)/Developer/Library/Frameworks",
					"$(inherited)",
					"$(DEVELOPER_FRAMEWORKS_DIR)",
				);
				GCC_PRECOMPILE_PREFIX_HEADER = YES;
				GCC_PREFIX_HEADER = "Grandma/Grandma-Prefix.pch";
				GCC_PREPROCESSOR_DEFINITIONS = (
					"DEBUG=1",
					"$(inherited)",
				);
				INFOPLIST_FILE = "GrandmaTests/GrandmaTests-Info.plist";
				PRODUCT_NAME = "$(TARGET_NAME)";
				TEST_HOST = "$(BUNDLE_LOADER)";
				WRAPPER_EXTENSION = xctest;
			};
			name = Debug;
		};
		EFFAE7D8192D72E5005B50CE /* Release */ = {
			isa = XCBuildConfiguration;
			buildSettings = {
				ARCHS = "$(ARCHS_STANDARD_INCLUDING_64_BIT)";
				BUNDLE_LOADER = "$(BUILT_PRODUCTS_DIR)/Grandma.app/Grandma";
				FRAMEWORK_SEARCH_PATHS = (
					"$(SDKROOT)/Developer/Library/Frameworks",
					"$(inherited)",
					"$(DEVELOPER_FRAMEWORKS_DIR)",
				);
				GCC_PRECOMPILE_PREFIX_HEADER = YES;
				GCC_PREFIX_HEADER = "Grandma/Grandma-Prefix.pch";
				INFOPLIST_FILE = "GrandmaTests/GrandmaTests-Info.plist";
				PRODUCT_NAME = "$(TARGET_NAME)";
				TEST_HOST = "$(BUNDLE_LOADER)";
				WRAPPER_EXTENSION = xctest;
			};
			name = Release;
		};
/* End XCBuildConfiguration section */

/* Begin XCConfigurationList section */
		EFFAE79C192D72E3005B50CE /* Build configuration list for PBXProject "Grandma" */ = {
			isa = XCConfigurationList;
			buildConfigurations = (
				EFFAE7D1192D72E5005B50CE /* Debug */,
				EFFAE7D2192D72E5005B50CE /* Release */,
			);
			defaultConfigurationIsVisible = 0;
			defaultConfigurationName = Release;
		};
		EFFAE7D3192D72E5005B50CE /* Build configuration list for PBXNativeTarget "Grandma" */ = {
			isa = XCConfigurationList;
			buildConfigurations = (
				EFFAE7D4192D72E5005B50CE /* Debug */,
				EFFAE7D5192D72E5005B50CE /* Release */,
			);
			defaultConfigurationIsVisible = 0;
			defaultConfigurationName = Release;
		};
		EFFAE7D6192D72E5005B50CE /* Build configuration list for PBXNativeTarget "GrandmaTests" */ = {
			isa = XCConfigurationList;
			buildConfigurations = (
				EFFAE7D7192D72E5005B50CE /* Debug */,
				EFFAE7D8192D72E5005B50CE /* Release */,
			);
			defaultConfigurationIsVisible = 0;
			defaultConfigurationName = Release;
		};
/* End XCConfigurationList section */

/* Begin XCVersionGroup section */
		88E2AA121948D73500F91CE1 /* GrandmaDatabase.xcdatamodeld */ = {
			isa = XCVersionGroup;
			children = (
				88E2AA131948D73500F91CE1 /* GrandmaDatabase.xcdatamodel */,
			);
			currentVersion = 88E2AA131948D73500F91CE1 /* GrandmaDatabase.xcdatamodel */;
			path = GrandmaDatabase.xcdatamodeld;
			sourceTree = "<group>";
			versionGroupType = wrapper.xcdatamodel;
		};
/* End XCVersionGroup section */
	};
	rootObject = EFFAE799192D72E3005B50CE /* Project object */;
}
